
Microsoft Visual Studio Solution File, Format Version 12.00
# Visual Studio Version 16
VisualStudioVersion = 16.0.30523.141
MinimumVisualStudioVersion = 10.0.40219.1
Project("{2150E333-8FDC-42A3-9474-1A3956D46DE8}") = "src", "src", "{30820D0C-50C9-4935-B867-595684076703}"
EndProject
Project("{2150E333-8FDC-42A3-9474-1A3956D46DE8}") = "Building Blocks", "Building Blocks", "{A99382BD-A935-4181-A8AC-DC6B781F788D}"
EndProject
Project("{2150E333-8FDC-42A3-9474-1A3956D46DE8}") = "Services", "Services", "{66F28DB3-2B24-4875-B7E5-74B0E939CBB8}"
EndProject
Project("{2150E333-8FDC-42A3-9474-1A3956D46DE8}") = "Web", "Web", "{33B39EC9-F482-464F-BD6A-3FC782842D6B}"
EndProject
Project("{2150E333-8FDC-42A3-9474-1A3956D46DE8}") = "Identidade", "Identidade", "{AA9C985B-756D-4708-97BC-ABA7CAE3FB24}"
EndProject
Project("{9A19103F-16F7-4668-BE54-9A1E7A4F7556}") = "NSE.Identidade.Api", "src\services\NSE.Identidade.Api\NSE.Identidade.Api.csproj", "{E0BEA8CB-4E52-48FE-8265-853D54669BDF}"
EndProject
Project("{2150E333-8FDC-42A3-9474-1A3956D46DE8}") = "MVC", "MVC", "{1F414225-52DE-44B5-A25A-D5BB9B74CB03}"
EndProject
Project("{9A19103F-16F7-4668-BE54-9A1E7A4F7556}") = "NSE.WebApp.MVC", "src\web\NSE.WebApp.MVC\NSE.WebApp.MVC.csproj", "{9B96EAB1-7BA2-44BF-BF7F-3D56F912C44C}"
EndProject
Project("{2150E333-8FDC-42A3-9474-1A3956D46DE8}") = "Core", "Core", "{5B724D8B-A934-409C-8AC2-066531F81EA1}"
EndProject
Project("{9A19103F-16F7-4668-BE54-9A1E7A4F7556}") = "NSE.Core", "src\building blocks\NSE.Core\NSE.Core.csproj", "{55CC2CF6-EF78-4500-A9AB-B832E96DC298}"
EndProject
Project("{9A19103F-16F7-4668-BE54-9A1E7A4F7556}") = "NSE.Carrinho.API", "src\services\NSE.Carrinho.API\NSE.Carrinho.API.csproj", "{E316F114-78FA-4687-A350-DFB85C8DDF02}"
EndProject
Project("{2150E333-8FDC-42A3-9474-1A3956D46DE8}") = "Carrinho", "Carrinho", "{394DBA81-BCBF-405A-9D8E-4A9231CA0C98}"
EndProject
Project("{2150E333-8FDC-42A3-9474-1A3956D46DE8}") = "Catalogo", "Catalogo", "{74BDF8A8-DF0C-4EAF-A27E-7DC6CF75494B}"
EndProject
Project("{9A19103F-16F7-4668-BE54-9A1E7A4F7556}") = "NSE.Catologo.API", "src\services\NSE.Catologo.API\NSE.Catologo.API.csproj", "{71B1906B-0C5A-4DE9-B2CB-658B49E61277}"
EndProject
Project("{2150E333-8FDC-42A3-9474-1A3956D46DE8}") = "Cliente", "Cliente", "{DB6916E3-0495-4E6A-8CD3-D676DCC66F00}"
EndProject
Project("{2150E333-8FDC-42A3-9474-1A3956D46DE8}") = "Pagamento", "Pagamento", "{7917549F-3341-4AC6-9577-0961E53E703A}"
EndProject
Project("{2150E333-8FDC-42A3-9474-1A3956D46DE8}") = "Pedido", "Pedido", "{1B747F0F-2D29-4324-B5EF-538BE08CB87C}"
EndProject
Project("{9A19103F-16F7-4668-BE54-9A1E7A4F7556}") = "NSE.WebApp.MVC.Teste", "src\web\NSE.WebApp.MVC.Teste\NSE.WebApp.MVC.Teste.csproj", "{B67FFADE-C75F-42F3-A29D-485B12FF6DE2}"
EndProject
Project("{9A19103F-16F7-4668-BE54-9A1E7A4F7556}") = "NSE.WebApi.Core", "src\building blocks\Services\NSE.WebApi.Core\NSE.WebApi.Core.csproj", "{65C1B0ED-97EE-4025-9176-680FF057BE13}"
EndProject
Project("{2150E333-8FDC-42A3-9474-1A3956D46DE8}") = "MessageBus", "MessageBus", "{F70B6F14-6659-4A7C-894C-2F5D3890D063}"
EndProject
Project("{9A19103F-16F7-4668-BE54-9A1E7A4F7556}") = "NSE.MessageBus", "src\building blocks\NSE.MessageBus\NSE.MessageBus.csproj", "{240F0D97-C059-4FD1-A338-0339C2E91FB3}"
EndProject
Project("{2150E333-8FDC-42A3-9474-1A3956D46DE8}") = "ApiGateways", "ApiGateways", "{77D3D0C3-2E0E-4489-969E-71064871146A}"
EndProject
Project("{2150E333-8FDC-42A3-9474-1A3956D46DE8}") = "Compras", "Compras", "{1B36D89B-20AB-4DBC-82F2-5643ED7776B3}"
EndProject
Project("{9A19103F-16F7-4668-BE54-9A1E7A4F7556}") = "NSE.Bff.Compras", "src\api gateways\NSE.BFF.Compras\NSE.Bff.Compras.csproj", "{1BA9DCA2-EF46-455A-B7D9-2AF2DBD24080}"
EndProject
Project("{9A19103F-16F7-4668-BE54-9A1E7A4F7556}") = "NSE.Pedidos.Domain", "src\services\NSE.Pedidos.Domain\NSE.Pedidos.Domain.csproj", "{8B920249-59FE-499A-B2CB-216F1DF6AC92}"
EndProject
Project("{9A19103F-16F7-4668-BE54-9A1E7A4F7556}") = "NSE.Pagamentos.NerdsPag", "src\services\NSE.Pagamentos.NerdsPag\NSE.Pagamentos.NerdsPag.csproj", "{21133693-8951-45C8-B37A-84C25CD3FCF0}"
EndProject
Project("{9A19103F-16F7-4668-BE54-9A1E7A4F7556}") = "NSE.Pedidos.Infra", "src\services\NSE.Pedidos.Infra\NSE.Pedidos.Infra.csproj", "{654507D1-13C8-4185-8437-D1A88BCD54A3}"
EndProject
Project("{9A19103F-16F7-4668-BE54-9A1E7A4F7556}") = "NSE.Clientes.API", "src\services\NSE.Clientes.API\NSE.Clientes.API.csproj", "{CCF54088-65D9-4DD9-AA1C-E3C764B005C4}"
EndProject
Project("{9A19103F-16F7-4668-BE54-9A1E7A4F7556}") = "NSE.Pedidos.API", "src\services\NSE.Pedidos.API\NSE.Pedidos.API.csproj", "{F744E0BD-26E7-41D0-A236-4C2E652D116D}"
EndProject
Project("{9A19103F-16F7-4668-BE54-9A1E7A4F7556}") = "NSE.Pagamentos.API", "src\services\NSE.Pagamentos.API\NSE.Pagamentos.API.csproj", "{7A804250-1574-425D-9CB5-A2B7B9A043A4}"
EndProject
Global
	GlobalSection(SolutionConfigurationPlatforms) = preSolution
		Debug|Any CPU = Debug|Any CPU
		Release|Any CPU = Release|Any CPU
	EndGlobalSection
	GlobalSection(ProjectConfigurationPlatforms) = postSolution
		{E0BEA8CB-4E52-48FE-8265-853D54669BDF}.Debug|Any CPU.ActiveCfg = Debug|Any CPU
		{E0BEA8CB-4E52-48FE-8265-853D54669BDF}.Debug|Any CPU.Build.0 = Debug|Any CPU
		{E0BEA8CB-4E52-48FE-8265-853D54669BDF}.Release|Any CPU.ActiveCfg = Release|Any CPU
		{E0BEA8CB-4E52-48FE-8265-853D54669BDF}.Release|Any CPU.Build.0 = Release|Any CPU
		{9B96EAB1-7BA2-44BF-BF7F-3D56F912C44C}.Debug|Any CPU.ActiveCfg = Debug|Any CPU
		{9B96EAB1-7BA2-44BF-BF7F-3D56F912C44C}.Debug|Any CPU.Build.0 = Debug|Any CPU
		{9B96EAB1-7BA2-44BF-BF7F-3D56F912C44C}.Release|Any CPU.ActiveCfg = Release|Any CPU
		{9B96EAB1-7BA2-44BF-BF7F-3D56F912C44C}.Release|Any CPU.Build.0 = Release|Any CPU
		{55CC2CF6-EF78-4500-A9AB-B832E96DC298}.Debug|Any CPU.ActiveCfg = Debug|Any CPU
		{55CC2CF6-EF78-4500-A9AB-B832E96DC298}.Debug|Any CPU.Build.0 = Debug|Any CPU
		{55CC2CF6-EF78-4500-A9AB-B832E96DC298}.Release|Any CPU.ActiveCfg = Release|Any CPU
		{55CC2CF6-EF78-4500-A9AB-B832E96DC298}.Release|Any CPU.Build.0 = Release|Any CPU
		{E316F114-78FA-4687-A350-DFB85C8DDF02}.Debug|Any CPU.ActiveCfg = Debug|Any CPU
		{E316F114-78FA-4687-A350-DFB85C8DDF02}.Debug|Any CPU.Build.0 = Debug|Any CPU
		{E316F114-78FA-4687-A350-DFB85C8DDF02}.Release|Any CPU.ActiveCfg = Release|Any CPU
		{E316F114-78FA-4687-A350-DFB85C8DDF02}.Release|Any CPU.Build.0 = Release|Any CPU
		{71B1906B-0C5A-4DE9-B2CB-658B49E61277}.Debug|Any CPU.ActiveCfg = Debug|Any CPU
		{71B1906B-0C5A-4DE9-B2CB-658B49E61277}.Debug|Any CPU.Build.0 = Debug|Any CPU
		{71B1906B-0C5A-4DE9-B2CB-658B49E61277}.Release|Any CPU.ActiveCfg = Release|Any CPU
		{71B1906B-0C5A-4DE9-B2CB-658B49E61277}.Release|Any CPU.Build.0 = Release|Any CPU
		{B67FFADE-C75F-42F3-A29D-485B12FF6DE2}.Debug|Any CPU.ActiveCfg = Debug|Any CPU
		{B67FFADE-C75F-42F3-A29D-485B12FF6DE2}.Debug|Any CPU.Build.0 = Debug|Any CPU
		{B67FFADE-C75F-42F3-A29D-485B12FF6DE2}.Release|Any CPU.ActiveCfg = Release|Any CPU
		{B67FFADE-C75F-42F3-A29D-485B12FF6DE2}.Release|Any CPU.Build.0 = Release|Any CPU
		{65C1B0ED-97EE-4025-9176-680FF057BE13}.Debug|Any CPU.ActiveCfg = Debug|Any CPU
		{65C1B0ED-97EE-4025-9176-680FF057BE13}.Debug|Any CPU.Build.0 = Debug|Any CPU
		{65C1B0ED-97EE-4025-9176-680FF057BE13}.Release|Any CPU.ActiveCfg = Release|Any CPU
		{65C1B0ED-97EE-4025-9176-680FF057BE13}.Release|Any CPU.Build.0 = Release|Any CPU
		{240F0D97-C059-4FD1-A338-0339C2E91FB3}.Debug|Any CPU.ActiveCfg = Debug|Any CPU
		{240F0D97-C059-4FD1-A338-0339C2E91FB3}.Debug|Any CPU.Build.0 = Debug|Any CPU
		{240F0D97-C059-4FD1-A338-0339C2E91FB3}.Release|Any CPU.ActiveCfg = Release|Any CPU
		{240F0D97-C059-4FD1-A338-0339C2E91FB3}.Release|Any CPU.Build.0 = Release|Any CPU
		{1BA9DCA2-EF46-455A-B7D9-2AF2DBD24080}.Debug|Any CPU.ActiveCfg = Debug|Any CPU
		{1BA9DCA2-EF46-455A-B7D9-2AF2DBD24080}.Debug|Any CPU.Build.0 = Debug|Any CPU
		{1BA9DCA2-EF46-455A-B7D9-2AF2DBD24080}.Release|Any CPU.ActiveCfg = Release|Any CPU
		{1BA9DCA2-EF46-455A-B7D9-2AF2DBD24080}.Release|Any CPU.Build.0 = Release|Any CPU
		{8B920249-59FE-499A-B2CB-216F1DF6AC92}.Debug|Any CPU.ActiveCfg = Debug|Any CPU
		{8B920249-59FE-499A-B2CB-216F1DF6AC92}.Debug|Any CPU.Build.0 = Debug|Any CPU
		{8B920249-59FE-499A-B2CB-216F1DF6AC92}.Release|Any CPU.ActiveCfg = Release|Any CPU
		{8B920249-59FE-499A-B2CB-216F1DF6AC92}.Release|Any CPU.Build.0 = Release|Any CPU
		{21133693-8951-45C8-B37A-84C25CD3FCF0}.Debug|Any CPU.ActiveCfg = Debug|Any CPU
		{21133693-8951-45C8-B37A-84C25CD3FCF0}.Debug|Any CPU.Build.0 = Debug|Any CPU
		{21133693-8951-45C8-B37A-84C25CD3FCF0}.Release|Any CPU.ActiveCfg = Release|Any CPU
		{21133693-8951-45C8-B37A-84C25CD3FCF0}.Release|Any CPU.Build.0 = Release|Any CPU
		{654507D1-13C8-4185-8437-D1A88BCD54A3}.Debug|Any CPU.ActiveCfg = Debug|Any CPU
		{654507D1-13C8-4185-8437-D1A88BCD54A3}.Debug|Any CPU.Build.0 = Debug|Any CPU
		{654507D1-13C8-4185-8437-D1A88BCD54A3}.Release|Any CPU.ActiveCfg = Release|Any CPU
		{654507D1-13C8-4185-8437-D1A88BCD54A3}.Release|Any CPU.Build.0 = Release|Any CPU
		{CCF54088-65D9-4DD9-AA1C-E3C764B005C4}.Debug|Any CPU.ActiveCfg = Debug|Any CPU
		{CCF54088-65D9-4DD9-AA1C-E3C764B005C4}.Debug|Any CPU.Build.0 = Debug|Any CPU
		{CCF54088-65D9-4DD9-AA1C-E3C764B005C4}.Release|Any CPU.ActiveCfg = Release|Any CPU
		{CCF54088-65D9-4DD9-AA1C-E3C764B005C4}.Release|Any CPU.Build.0 = Release|Any CPU
		{F744E0BD-26E7-41D0-A236-4C2E652D116D}.Debug|Any CPU.ActiveCfg = Debug|Any CPU
		{F744E0BD-26E7-41D0-A236-4C2E652D116D}.Debug|Any CPU.Build.0 = Debug|Any CPU
		{F744E0BD-26E7-41D0-A236-4C2E652D116D}.Release|Any CPU.ActiveCfg = Release|Any CPU
		{F744E0BD-26E7-41D0-A236-4C2E652D116D}.Release|Any CPU.Build.0 = Release|Any CPU
		{7A804250-1574-425D-9CB5-A2B7B9A043A4}.Debug|Any CPU.ActiveCfg = Debug|Any CPU
		{7A804250-1574-425D-9CB5-A2B7B9A043A4}.Debug|Any CPU.Build.0 = Debug|Any CPU
		{7A804250-1574-425D-9CB5-A2B7B9A043A4}.Release|Any CPU.ActiveCfg = Release|Any CPU
		{7A804250-1574-425D-9CB5-A2B7B9A043A4}.Release|Any CPU.Build.0 = Release|Any CPU
	EndGlobalSection
	GlobalSection(SolutionProperties) = preSolution
		HideSolutionNode = FALSE
	EndGlobalSection
	GlobalSection(NestedProjects) = preSolution
		{A99382BD-A935-4181-A8AC-DC6B781F788D} = {30820D0C-50C9-4935-B867-595684076703}
		{66F28DB3-2B24-4875-B7E5-74B0E939CBB8} = {30820D0C-50C9-4935-B867-595684076703}
		{33B39EC9-F482-464F-BD6A-3FC782842D6B} = {30820D0C-50C9-4935-B867-595684076703}
		{AA9C985B-756D-4708-97BC-ABA7CAE3FB24} = {66F28DB3-2B24-4875-B7E5-74B0E939CBB8}
		{E0BEA8CB-4E52-48FE-8265-853D54669BDF} = {AA9C985B-756D-4708-97BC-ABA7CAE3FB24}
		{1F414225-52DE-44B5-A25A-D5BB9B74CB03} = {33B39EC9-F482-464F-BD6A-3FC782842D6B}
		{9B96EAB1-7BA2-44BF-BF7F-3D56F912C44C} = {1F414225-52DE-44B5-A25A-D5BB9B74CB03}
		{5B724D8B-A934-409C-8AC2-066531F81EA1} = {A99382BD-A935-4181-A8AC-DC6B781F788D}
		{55CC2CF6-EF78-4500-A9AB-B832E96DC298} = {5B724D8B-A934-409C-8AC2-066531F81EA1}
		{E316F114-78FA-4687-A350-DFB85C8DDF02} = {394DBA81-BCBF-405A-9D8E-4A9231CA0C98}
		{394DBA81-BCBF-405A-9D8E-4A9231CA0C98} = {66F28DB3-2B24-4875-B7E5-74B0E939CBB8}
		{74BDF8A8-DF0C-4EAF-A27E-7DC6CF75494B} = {66F28DB3-2B24-4875-B7E5-74B0E939CBB8}
		{71B1906B-0C5A-4DE9-B2CB-658B49E61277} = {74BDF8A8-DF0C-4EAF-A27E-7DC6CF75494B}
		{DB6916E3-0495-4E6A-8CD3-D676DCC66F00} = {66F28DB3-2B24-4875-B7E5-74B0E939CBB8}
		{7917549F-3341-4AC6-9577-0961E53E703A} = {66F28DB3-2B24-4875-B7E5-74B0E939CBB8}
		{1B747F0F-2D29-4324-B5EF-538BE08CB87C} = {66F28DB3-2B24-4875-B7E5-74B0E939CBB8}
		{B67FFADE-C75F-42F3-A29D-485B12FF6DE2} = {1F414225-52DE-44B5-A25A-D5BB9B74CB03}
		{65C1B0ED-97EE-4025-9176-680FF057BE13} = {A99382BD-A935-4181-A8AC-DC6B781F788D}
		{F70B6F14-6659-4A7C-894C-2F5D3890D063} = {A99382BD-A935-4181-A8AC-DC6B781F788D}
		{240F0D97-C059-4FD1-A338-0339C2E91FB3} = {F70B6F14-6659-4A7C-894C-2F5D3890D063}
		{77D3D0C3-2E0E-4489-969E-71064871146A} = {30820D0C-50C9-4935-B867-595684076703}
		{1B36D89B-20AB-4DBC-82F2-5643ED7776B3} = {77D3D0C3-2E0E-4489-969E-71064871146A}
		{1BA9DCA2-EF46-455A-B7D9-2AF2DBD24080} = {1B36D89B-20AB-4DBC-82F2-5643ED7776B3}
		{8B920249-59FE-499A-B2CB-216F1DF6AC92} = {1B747F0F-2D29-4324-B5EF-538BE08CB87C}
		{21133693-8951-45C8-B37A-84C25CD3FCF0} = {7917549F-3341-4AC6-9577-0961E53E703A}
		{654507D1-13C8-4185-8437-D1A88BCD54A3} = {1B747F0F-2D29-4324-B5EF-538BE08CB87C}
		{CCF54088-65D9-4DD9-AA1C-E3C764B005C4} = {DB6916E3-0495-4E6A-8CD3-D676DCC66F00}
		{F744E0BD-26E7-41D0-A236-4C2E652D116D} = {1B747F0F-2D29-4324-B5EF-538BE08CB87C}
		{7A804250-1574-425D-9CB5-A2B7B9A043A4} = {7917549F-3341-4AC6-9577-0961E53E703A}
	EndGlobalSection
	GlobalSection(ExtensibilityGlobals) = postSolution
		SolutionGuid = {E0D07184-26DD-4F8A-BB19-B8A33D555FEA}
	EndGlobalSection
EndGlobal
